
Microsoft Visual Studio Solution File, Format Version 12.00
# Visual Studio Version 16
VisualStudioVersion = 16.0.32901.82
MinimumVisualStudioVersion = 10.0.40219.1
Project("{FAE04EC0-301F-11D3-BF4B-00C04F79EFBC}") = "PTthietkehethong", "PTthietkehethong\PTthietkehethong.csproj", "{635CD7E0-429F-48B0-B66B-93FEB40E774F}"
EndProject
Global
	GlobalSection(SolutionConfigurationPlatforms) = preSolution
		Debug|Any CPU = Debug|Any CPU
		Release|Any CPU = Release|Any CPU
	EndGlobalSection
	GlobalSection(ProjectConfigurationPlatforms) = postSolution
		{635CD7E0-429F-48B0-B66B-93FEB40E774F}.Debug|Any CPU.ActiveCfg = Debug|Any CPU
		{635CD7E0-429F-48B0-B66B-93FEB40E774F}.Debug|Any CPU.Build.0 = Debug|Any CPU
		{635CD7E0-429F-48B0-B66B-93FEB40E774F}.Release|Any CPU.ActiveCfg = Release|Any CPU
		{635CD7E0-429F-48B0-B66B-93FEB40E774F}.Release|Any CPU.Build.0 = Release|Any CPU
	EndGlobalSection
	GlobalSection(SolutionProperties) = preSolution
		HideSolutionNode = FALSE
	EndGlobalSection
	GlobalSection(ExtensibilityGlobals) = postSolution
		SolutionGuid = {A7F04FBE-5698-4F60-821E-7AEC3F9230A0}
	EndGlobalSection
EndGlobal
